
Microsoft Visual Studio Solution File, Format Version 12.00
# Visual Studio Version 16
VisualStudioVersion = 16.0.31911.196
MinimumVisualStudioVersion = 10.0.40219.1
Project("{9A19103F-16F7-4668-BE54-9A1E7A4F7556}") = "demoHRMS", "demoHRMS\demoHRMS.csproj", "{D669A7C8-64B1-4601-826F-647D2B9E794E}"
EndProject
Global
	GlobalSection(SolutionConfigurationPlatforms) = preSolution
		Debug|Any CPU = Debug|Any CPU
		Release|Any CPU = Release|Any CPU
	EndGlobalSection
	GlobalSection(ProjectConfigurationPlatforms) = postSolution
		{D669A7C8-64B1-4601-826F-647D2B9E794E}.Debug|Any CPU.ActiveCfg = Debug|Any CPU
		{D669A7C8-64B1-4601-826F-647D2B9E794E}.Debug|Any CPU.Build.0 = Debug|Any CPU
		{D669A7C8-64B1-4601-826F-647D2B9E794E}.Release|Any CPU.ActiveCfg = Release|Any CPU
		{D669A7C8-64B1-4601-826F-647D2B9E794E}.Release|Any CPU.Build.0 = Release|Any CPU
	EndGlobalSection
	GlobalSection(SolutionProperties) = preSolution
		HideSolutionNode = FALSE
	EndGlobalSection
	GlobalSection(ExtensibilityGlobals) = postSolution
		SolutionGuid = {08FA3E79-7CF8-4BB5-9C7E-83495A53F076}
	EndGlobalSection
EndGlobal
